
Microsoft Visual Studio Solution File, Format Version 12.00
# Visual Studio Version 17
VisualStudioVersion = 17.8.34408.163
MinimumVisualStudioVersion = 10.0.40219.1
Project("{8BC9CEB8-8B4A-11D0-8D11-00A0C91BC942}") = "newEnglishWords", "newEnglishWords.vcxproj", "{EB95BF00-8E77-4F19-89E8-D80DFA4E3C66}"
EndProject
Global
	GlobalSection(SolutionConfigurationPlatforms) = preSolution
		Debug|x64 = Debug|x64
		Debug|x86 = Debug|x86
		Release|x64 = Release|x64
		Release|x86 = Release|x86
	EndGlobalSection
	GlobalSection(ProjectConfigurationPlatforms) = postSolution
		{EB95BF00-8E77-4F19-89E8-D80DFA4E3C66}.Debug|x64.ActiveCfg = Debug|x64
		{EB95BF00-8E77-4F19-89E8-D80DFA4E3C66}.Debug|x64.Build.0 = Debug|x64
		{EB95BF00-8E77-4F19-89E8-D80DFA4E3C66}.Debug|x86.ActiveCfg = Debug|Win32
		{EB95BF00-8E77-4F19-89E8-D80DFA4E3C66}.Debug|x86.Build.0 = Debug|Win32
		{EB95BF00-8E77-4F19-89E8-D80DFA4E3C66}.Release|x64.ActiveCfg = Release|x64
		{EB95BF00-8E77-4F19-89E8-D80DFA4E3C66}.Release|x64.Build.0 = Release|x64
		{EB95BF00-8E77-4F19-89E8-D80DFA4E3C66}.Release|x86.ActiveCfg = Release|Win32
		{EB95BF00-8E77-4F19-89E8-D80DFA4E3C66}.Release|x86.Build.0 = Release|Win32
	EndGlobalSection
	GlobalSection(SolutionProperties) = preSolution
		HideSolutionNode = FALSE
	EndGlobalSection
	GlobalSection(ExtensibilityGlobals) = postSolution
		SolutionGuid = {8D118632-E242-4894-8EEB-E5EAD4425D63}
	EndGlobalSection
EndGlobal
